{
  "version": 4,
  "terraform_version": "1.14.0",
  "serial": 87,
  "lineage": "f0a3afdc-79e9-d31a-8dae-fe7d2955ce9d",
  "outputs": {
    "artifact_registry_url": {
      "value": "projects/tf-icre/locations/africa-south1/repositories/tf-icre-images",
      "type": "string"
    },
    "cmek_key_id": {
      "value": "projects/tf-icre/locations/africa-south1/keyRings/tf-icre-dev-key-ring/cryptoKeys/tf-icre-dev-cmek",
      "type": "string"
    },
    "network_name": {
      "value": "tf-icre-vpc-dev",
      "type": "string"
    },
    "service_account_emails": {
      "value": {
        "governance": "governance-engine-sa@tf-icre.iam.gserviceaccount.com",
        "ingestion": "data-ingestion-sa@tf-icre.iam.gserviceaccount.com",
        "scoring": "scoring-engine-sa@tf-icre.iam.gserviceaccount.com",
        "tbml": "tbml-engine-sa@tf-icre.iam.gserviceaccount.com"
      },
      "type": [
        "object",
        {
          "governance": "string",
          "ingestion": "string",
          "scoring": "string",
          "tbml": "string"
        }
      ]
    },
    "subnet_name": {
      "value": "tf-icre-vpc-dev-primary-subnet",
      "type": "string"
    },
    "vpc_connector_id": {
      "value": "projects/tf-icre/locations/africa-south1/connectors/dev-conn",
      "type": "string"
    }
  },
  "resources": [
    {
      "module": "module.gcp_apis",
      "mode": "managed",
      "type": "google_project_service",
      "name": "apis",
      "provider": "provider[\"registry.terraform.io/hashicorp/google\"]",
      "instances": [
        {
          "index_key": "aiplatform.googleapis.com",
          "schema_version": 0,
          "attributes": {
            "disable_dependent_services": null,
            "disable_on_destroy": false,
            "id": "tf-icre/aiplatform.googleapis.com",
            "project": "tf-icre",
            "service": "aiplatform.googleapis.com",
            "timeouts": null
          },
          "sensitive_attributes": [],
          "identity_schema_version": 0,
          "private": "eyJlMmJmYjczMC1lY2FhLTExZTYtOGY4OC0zNDM2M2JjN2M0YzAiOnsiY3JlYXRlIjoxMjAwMDAwMDAwMDAwLCJkZWxldGUiOjEyMDAwMDAwMDAwMDAsInJlYWQiOjYwMDAwMDAwMDAwMCwidXBkYXRlIjoxMjAwMDAwMDAwMDAwfX0="
        },
        {
          "index_key": "artifactregistry.googleapis.com",
          "schema_version": 0,
          "attributes": {
            "disable_dependent_services": null,
            "disable_on_destroy": false,
            "id": "tf-icre/artifactregistry.googleapis.com",
            "project": "tf-icre",
            "service": "artifactregistry.googleapis.com",
            "timeouts": null
          },
          "sensitive_attributes": [],
          "identity_schema_version": 0,
          "private": "eyJlMmJmYjczMC1lY2FhLTExZTYtOGY4OC0zNDM2M2JjN2M0YzAiOnsiY3JlYXRlIjoxMjAwMDAwMDAwMDAwLCJkZWxldGUiOjEyMDAwMDAwMDAwMDAsInJlYWQiOjYwMDAwMDAwMDAwMCwidXBkYXRlIjoxMjAwMDAwMDAwMDAwfX0="
        },
        {
          "index_key": "bigquery.googleapis.com",
          "schema_version": 0,
          "attributes": {
            "disable_dependent_services": null,
            "disable_on_destroy": false,
            "id": "tf-icre/bigquery.googleapis.com",
            "project": "tf-icre",
            "service": "bigquery.googleapis.com",
            "timeouts": null
          },
          "sensitive_attributes": [],
          "identity_schema_version": 0,
          "private": "eyJlMmJmYjczMC1lY2FhLTExZTYtOGY4OC0zNDM2M2JjN2M0YzAiOnsiY3JlYXRlIjoxMjAwMDAwMDAwMDAwLCJkZWxldGUiOjEyMDAwMDAwMDAwMDAsInJlYWQiOjYwMDAwMDAwMDAwMCwidXBkYXRlIjoxMjAwMDAwMDAwMDAwfX0="
        },
        {
          "index_key": "cloudbuild.googleapis.com",
          "schema_version": 0,
          "attributes": {
            "disable_dependent_services": null,
            "disable_on_destroy": false,
            "id": "tf-icre/cloudbuild.googleapis.com",
            "project": "tf-icre",
            "service": "cloudbuild.googleapis.com",
            "timeouts": null
          },
          "sensitive_attributes": [],
          "identity_schema_version": 0,
          "private": "eyJlMmJmYjczMC1lY2FhLTExZTYtOGY4OC0zNDM2M2JjN2M0YzAiOnsiY3JlYXRlIjoxMjAwMDAwMDAwMDAwLCJkZWxldGUiOjEyMDAwMDAwMDAwMDAsInJlYWQiOjYwMDAwMDAwMDAwMCwidXBkYXRlIjoxMjAwMDAwMDAwMDAwfX0="
        },
        {
          "index_key": "cloudkms.googleapis.com",
          "schema_version": 0,
          "attributes": {
            "disable_dependent_services": null,
            "disable_on_destroy": false,
            "id": "tf-icre/cloudkms.googleapis.com",
            "project": "tf-icre",
            "service": "cloudkms.googleapis.com",
            "timeouts": null
          },
          "sensitive_attributes": [],
          "identity_schema_version": 0,
          "private": "eyJlMmJmYjczMC1lY2FhLTExZTYtOGY4OC0zNDM2M2JjN2M0YzAiOnsiY3JlYXRlIjoxMjAwMDAwMDAwMDAwLCJkZWxldGUiOjEyMDAwMDAwMDAwMDAsInJlYWQiOjYwMDAwMDAwMDAwMCwidXBkYXRlIjoxMjAwMDAwMDAwMDAwfX0="
        },
        {
          "index_key": "cloudresourcemanager.googleapis.com",
          "schema_version": 0,
          "attributes": {
            "disable_dependent_services": null,
            "disable_on_destroy": false,
            "id": "tf-icre/cloudresourcemanager.googleapis.com",
            "project": "tf-icre",
            "service": "cloudresourcemanager.googleapis.com",
            "timeouts": null
          },
          "sensitive_attributes": [],
          "identity_schema_version": 0,
          "private": "eyJlMmJmYjczMC1lY2FhLTExZTYtOGY4OC0zNDM2M2JjN2M0YzAiOnsiY3JlYXRlIjoxMjAwMDAwMDAwMDAwLCJkZWxldGUiOjEyMDAwMDAwMDAwMDAsInJlYWQiOjYwMDAwMDAwMDAwMCwidXBkYXRlIjoxMjAwMDAwMDAwMDAwfX0="
        },
        {
          "index_key": "composer.googleapis.com",
          "schema_version": 0,
          "attributes": {
            "disable_dependent_services": null,
            "disable_on_destroy": false,
            "id": "tf-icre/composer.googleapis.com",
            "project": "tf-icre",
            "service": "composer.googleapis.com",
            "timeouts": null
          },
          "sensitive_attributes": [],
          "identity_schema_version": 0,
          "private": "eyJlMmJmYjczMC1lY2FhLTExZTYtOGY4OC0zNDM2M2JjN2M0YzAiOnsiY3JlYXRlIjoxMjAwMDAwMDAwMDAwLCJkZWxldGUiOjEyMDAwMDAwMDAwMDAsInJlYWQiOjYwMDAwMDAwMDAwMCwidXBkYXRlIjoxMjAwMDAwMDAwMDAwfX0="
        },
        {
          "index_key": "compute.googleapis.com",
          "schema_version": 0,
          "attributes": {
            "disable_dependent_services": null,
            "disable_on_destroy": false,
            "id": "tf-icre/compute.googleapis.com",
            "project": "tf-icre",
            "service": "compute.googleapis.com",
            "timeouts": null
          },
          "sensitive_attributes": [],
          "identity_schema_version": 0,
          "private": "eyJlMmJmYjczMC1lY2FhLTExZTYtOGY4OC0zNDM2M2JjN2M0YzAiOnsiY3JlYXRlIjoxMjAwMDAwMDAwMDAwLCJkZWxldGUiOjEyMDAwMDAwMDAwMDAsInJlYWQiOjYwMDAwMDAwMDAwMCwidXBkYXRlIjoxMjAwMDAwMDAwMDAwfX0="
        },
        {
          "index_key": "containerregistry.googleapis.com",
          "schema_version": 0,
          "attributes": {
            "disable_dependent_services": null,
            "disable_on_destroy": false,
            "id": "tf-icre/containerregistry.googleapis.com",
            "project": "tf-icre",
            "service": "containerregistry.googleapis.com",
            "timeouts": null
          },
          "sensitive_attributes": [],
          "identity_schema_version": 0,
          "private": "eyJlMmJmYjczMC1lY2FhLTExZTYtOGY4OC0zNDM2M2JjN2M0YzAiOnsiY3JlYXRlIjoxMjAwMDAwMDAwMDAwLCJkZWxldGUiOjEyMDAwMDAwMDAwMDAsInJlYWQiOjYwMDAwMDAwMDAwMCwidXBkYXRlIjoxMjAwMDAwMDAwMDAwfX0="
        },
        {
          "index_key": "dataflow.googleapis.com",
          "schema_version": 0,
          "attributes": {
            "disable_dependent_services": null,
            "disable_on_destroy": false,
            "id": "tf-icre/dataflow.googleapis.com",
            "project": "tf-icre",
            "service": "dataflow.googleapis.com",
            "timeouts": null
          },
          "sensitive_attributes": [],
          "identity_schema_version": 0,
          "private": "eyJlMmJmYjczMC1lY2FhLTExZTYtOGY4OC0zNDM2M2JjN2M0YzAiOnsiY3JlYXRlIjoxMjAwMDAwMDAwMDAwLCJkZWxldGUiOjEyMDAwMDAwMDAwMDAsInJlYWQiOjYwMDAwMDAwMDAwMCwidXBkYXRlIjoxMjAwMDAwMDAwMDAwfX0="
        },
        {
          "index_key": "documentai.googleapis.com",
          "schema_version": 0,
          "attributes": {
            "disable_dependent_services": null,
            "disable_on_destroy": false,
            "id": "tf-icre/documentai.googleapis.com",
            "project": "tf-icre",
            "service": "documentai.googleapis.com",
            "timeouts": null
          },
          "sensitive_attributes": [],
          "identity_schema_version": 0,
          "private": "eyJlMmJmYjczMC1lY2FhLTExZTYtOGY4OC0zNDM2M2JjN2M0YzAiOnsiY3JlYXRlIjoxMjAwMDAwMDAwMDAwLCJkZWxldGUiOjEyMDAwMDAwMDAwMDAsInJlYWQiOjYwMDAwMDAwMDAwMCwidXBkYXRlIjoxMjAwMDAwMDAwMDAwfX0="
        },
        {
          "index_key": "firestore.googleapis.com",
          "schema_version": 0,
          "attributes": {
            "disable_dependent_services": null,
            "disable_on_destroy": false,
            "id": "tf-icre/firestore.googleapis.com",
            "project": "tf-icre",
            "service": "firestore.googleapis.com",
            "timeouts": null
          },
          "sensitive_attributes": [],
          "identity_schema_version": 0,
          "private": "eyJlMmJmYjczMC1lY2FhLTExZTYtOGY4OC0zNDM2M2JjN2M0YzAiOnsiY3JlYXRlIjoxMjAwMDAwMDAwMDAwLCJkZWxldGUiOjEyMDAwMDAwMDAwMDAsInJlYWQiOjYwMDAwMDAwMDAwMCwidXBkYXRlIjoxMjAwMDAwMDAwMDAwfX0="
        },
        {
          "index_key": "iam.googleapis.com",
          "schema_version": 0,
          "attributes": {
            "disable_dependent_services": null,
            "disable_on_destroy": false,
            "id": "tf-icre/iam.googleapis.com",
            "project": "tf-icre",
            "service": "iam.googleapis.com",
            "timeouts": null
          },
          "sensitive_attributes": [],
          "identity_schema_version": 0,
          "private": "eyJlMmJmYjczMC1lY2FhLTExZTYtOGY4OC0zNDM2M2JjN2M0YzAiOnsiY3JlYXRlIjoxMjAwMDAwMDAwMDAwLCJkZWxldGUiOjEyMDAwMDAwMDAwMDAsInJlYWQiOjYwMDAwMDAwMDAwMCwidXBkYXRlIjoxMjAwMDAwMDAwMDAwfX0="
        },
        {
          "index_key": "logging.googleapis.com",
          "schema_version": 0,
          "attributes": {
            "disable_dependent_services": null,
            "disable_on_destroy": false,
            "id": "tf-icre/logging.googleapis.com",
            "project": "tf-icre",
            "service": "logging.googleapis.com",
            "timeouts": null
          },
          "sensitive_attributes": [],
          "identity_schema_version": 0,
          "private": "eyJlMmJmYjczMC1lY2FhLTExZTYtOGY4OC0zNDM2M2JjN2M0YzAiOnsiY3JlYXRlIjoxMjAwMDAwMDAwMDAwLCJkZWxldGUiOjEyMDAwMDAwMDAwMDAsInJlYWQiOjYwMDAwMDAwMDAwMCwidXBkYXRlIjoxMjAwMDAwMDAwMDAwfX0="
        },
        {
          "index_key": "pubsub.googleapis.com",
          "schema_version": 0,
          "attributes": {
            "disable_dependent_services": null,
            "disable_on_destroy": false,
            "id": "tf-icre/pubsub.googleapis.com",
            "project": "tf-icre",
            "service": "pubsub.googleapis.com",
            "timeouts": null
          },
          "sensitive_attributes": [],
          "identity_schema_version": 0,
          "private": "eyJlMmJmYjczMC1lY2FhLTExZTYtOGY4OC0zNDM2M2JjN2M0YzAiOnsiY3JlYXRlIjoxMjAwMDAwMDAwMDAwLCJkZWxldGUiOjEyMDAwMDAwMDAwMDAsInJlYWQiOjYwMDAwMDAwMDAwMCwidXBkYXRlIjoxMjAwMDAwMDAwMDAwfX0="
        },
        {
          "index_key": "run.googleapis.com",
          "schema_version": 0,
          "attributes": {
            "disable_dependent_services": null,
            "disable_on_destroy": false,
            "id": "tf-icre/run.googleapis.com",
            "project": "tf-icre",
            "service": "run.googleapis.com",
            "timeouts": null
          },
          "sensitive_attributes": [],
          "identity_schema_version": 0,
          "private": "eyJlMmJmYjczMC1lY2FhLTExZTYtOGY4OC0zNDM2M2JjN2M0YzAiOnsiY3JlYXRlIjoxMjAwMDAwMDAwMDAwLCJkZWxldGUiOjEyMDAwMDAwMDAwMDAsInJlYWQiOjYwMDAwMDAwMDAwMCwidXBkYXRlIjoxMjAwMDAwMDAwMDAwfX0="
        },
        {
          "index_key": "serviceusage.googleapis.com",
          "schema_version": 0,
          "attributes": {
            "disable_dependent_services": null,
            "disable_on_destroy": false,
            "id": "tf-icre/serviceusage.googleapis.com",
            "project": "tf-icre",
            "service": "serviceusage.googleapis.com",
            "timeouts": null
          },
          "sensitive_attributes": [],
          "identity_schema_version": 0,
          "private": "eyJlMmJmYjczMC1lY2FhLTExZTYtOGY4OC0zNDM2M2JjN2M0YzAiOnsiY3JlYXRlIjoxMjAwMDAwMDAwMDAwLCJkZWxldGUiOjEyMDAwMDAwMDAwMDAsInJlYWQiOjYwMDAwMDAwMDAwMCwidXBkYXRlIjoxMjAwMDAwMDAwMDAwfX0="
        },
        {
          "index_key": "storage.googleapis.com",
          "schema_version": 0,
          "attributes": {
            "disable_dependent_services": null,
            "disable_on_destroy": false,
            "id": "tf-icre/storage.googleapis.com",
            "project": "tf-icre",
            "service": "storage.googleapis.com",
            "timeouts": null
          },
          "sensitive_attributes": [],
          "identity_schema_version": 0,
          "private": "eyJlMmJmYjczMC1lY2FhLTExZTYtOGY4OC0zNDM2M2JjN2M0YzAiOnsiY3JlYXRlIjoxMjAwMDAwMDAwMDAwLCJkZWxldGUiOjEyMDAwMDAwMDAwMDAsInJlYWQiOjYwMDAwMDAwMDAwMCwidXBkYXRlIjoxMjAwMDAwMDAwMDAwfX0="
        },
        {
          "index_key": "vpcaccess.googleapis.com",
          "schema_version": 0,
          "attributes": {
            "disable_dependent_services": null,
            "disable_on_destroy": false,
            "id": "tf-icre/vpcaccess.googleapis.com",
            "project": "tf-icre",
            "service": "vpcaccess.googleapis.com",
            "timeouts": null
          },
          "sensitive_attributes": [],
          "identity_schema_version": 0,
          "private": "eyJlMmJmYjczMC1lY2FhLTExZTYtOGY4OC0zNDM2M2JjN2M0YzAiOnsiY3JlYXRlIjoxMjAwMDAwMDAwMDAwLCJkZWxldGUiOjEyMDAwMDAwMDAwMDAsInJlYWQiOjYwMDAwMDAwMDAwMCwidXBkYXRlIjoxMjAwMDAwMDAwMDAwfX0="
        }
      ]
    },
    {
      "module": "module.stack",
      "mode": "managed",
      "type": "google_composer_environment",
      "name": "orchestrator",
      "provider": "provider[\"registry.terraform.io/hashicorp/google\"]",
      "instances": [
        {
          "schema_version": 0,
          "attributes": {
            "config": [
              {
                "airflow_uri": "https://b25d6f623ac24725b3119b2e88970715-dot-africa-south1.composer.googleusercontent.com",
                "dag_gcs_prefix": "gs://africa-south1-tf-icre-compo-11cd04a6-bucket/dags",
                "data_retention_config": [
                  {
                    "task_logs_retention_config": []
                  }
                ],
                "database_config": [],
                "encryption_config": [
                  {
                    "kms_key_name": "projects/tf-icre/locations/africa-south1/keyRings/tf-icre-dev-key-ring/cryptoKeys/tf-icre-dev-cmek"
                  }
                ],
                "environment_size": "ENVIRONMENT_SIZE_SMALL",
                "gke_cluster": "",
                "maintenance_window": [],
                "master_authorized_networks_config": [],
                "node_config": [
                  {
                    "disk_size_gb": 0,
                    "enable_ip_masq_agent": false,
                    "ip_allocation_policy": [
                      {
                        "cluster_ipv4_cidr_block": "",
                        "cluster_secondary_range_name": "",
                        "services_ipv4_cidr_block": "",
                        "services_secondary_range_name": "",
                        "use_ip_aliases": false
                      }
                    ],
                    "machine_type": "",
                    "network": "projects/tf-icre/global/networks/tf-icre-vpc-dev",
                    "oauth_scopes": [],
                    "service_account": "data-ingestion-sa@tf-icre.iam.gserviceaccount.com",
                    "subnetwork": "projects/tf-icre/regions/africa-south1/subnetworks/tf-icre-vpc-dev-primary-subnet",
                    "tags": null,
                    "zone": ""
                  }
                ],
                "node_count": 0,
                "private_environment_config": [],
                "recovery_config": [],
                "resilience_mode": "STANDARD_RESILIENCE",
                "software_config": [
                  {
                    "airflow_config_overrides": null,
                    "env_variables": null,
                    "image_version": "composer-3-airflow-2.7.3-build.24",
                    "pypi_packages": null,
                    "python_version": "",
                    "scheduler_count": 0
                  }
                ],
                "web_server_config": [],
                "web_server_network_access_control": [
                  {
                    "allowed_ip_range": [
                      {
                        "description": "Allows access from all IPv4 addresses (default value)",
                        "value": "0.0.0.0/0"
                      },
                      {
                        "description": "Allows access from all IPv6 addresses (default value)",
                        "value": "::0/0"
                      }
                    ]
                  }
                ],
                "workloads_config": [
                  {
                    "scheduler": [
                      {
                        "count": 1,
                        "cpu": 0.5,
                        "memory_gb": 2,
                        "storage_gb": 1
                      }
                    ],
                    "triggerer": [
                      {
                        "count": 1,
                        "cpu": 0.5,
                        "memory_gb": 1
                      }
                    ],
                    "web_server": [
                      {
                        "cpu": 1,
                        "memory_gb": 4,
                        "storage_gb": 1
                      }
                    ],
                    "worker": [
                      {
                        "cpu": 0.5,
                        "max_count": 3,
                        "memory_gb": 2,
                        "min_count": 1,
                        "storage_gb": 10
                      }
                    ]
                  }
                ]
              }
            ],
            "effective_labels": {},
            "id": "projects/tf-icre/locations/africa-south1/environments/tf-icre-composer-dev",
            "labels": null,
            "name": "tf-icre-composer-dev",
            "project": "tf-icre",
            "region": "africa-south1",
            "storage_config": [
              {
                "bucket": "africa-south1-tf-icre-compo-11cd04a6-bucket"
              }
            ],
            "terraform_labels": {},
            "timeouts": {
              "create": "60m",
              "delete": "60m",
              "update": "60m"
            }
          },
          "sensitive_attributes": [],
          "identity_schema_version": 0,
          "private": "eyJlMmJmYjczMC1lY2FhLTExZTYtOGY4OC0zNDM2M2JjN2M0YzAiOnsiY3JlYXRlIjozNjAwMDAwMDAwMDAwLCJkZWxldGUiOjM2MDAwMDAwMDAwMDAsInVwZGF0ZSI6MzYwMDAwMDAwMDAwMH19",
          "dependencies": [
            "module.gcp_apis.google_project_service.apis",
            "module.stack.module.iam.google_service_account.data_ingestion_sa",
            "module.stack.module.network.google_compute_network.vpc_network",
            "module.stack.module.network.google_compute_subnetwork.primary_subnet",
            "module.stack.module.security.google_kms_crypto_key.cmek",
            "module.stack.module.security.google_kms_key_ring.keyring"
          ]
        }
      ]
    },
    {
      "module": "module.stack",
      "mode": "managed",
      "type": "google_firestore_database",
      "name": "database",
      "provider": "provider[\"registry.terraform.io/hashicorp/google\"]",
      "instances": [
        {
          "schema_version": 0,
          "attributes": {
            "app_engine_integration_mode": "DISABLED",
            "cmek_config": [],
            "concurrency_mode": "PESSIMISTIC",
            "create_time": "",
            "delete_protection_state": "DELETE_PROTECTION_DISABLED",
            "deletion_policy": "ABANDON",
            "earliest_version_time": "2025-12-02T12:03:09.497155Z",
            "etag": "IIygt737npEDMLvnv8OsnZED",
            "id": "projects/tf-icre/databases/(default)",
            "key_prefix": "",
            "location_id": "africa-south1",
            "name": "(default)",
            "point_in_time_recovery_enablement": "POINT_IN_TIME_RECOVERY_DISABLED",
            "project": "tf-icre",
            "timeouts": null,
            "type": "FIRESTORE_NATIVE",
            "uid": "8d18cda1-7d83-4281-854e-f079cea1edcb",
            "update_time": "",
            "version_retention_period": "3600s"
          },
          "sensitive_attributes": [],
          "identity_schema_version": 0,
          "private": "eyJlMmJmYjczMC1lY2FhLTExZTYtOGY4OC0zNDM2M2JjN2M0YzAiOnsiY3JlYXRlIjoxMjAwMDAwMDAwMDAwLCJkZWxldGUiOjEyMDAwMDAwMDAwMDAsInVwZGF0ZSI6MTIwMDAwMDAwMDAwMH19",
          "dependencies": [
            "module.gcp_apis.google_project_service.apis"
          ]
        }
      ]
    },
    {
      "module": "module.stack.module.artifact_registry",
      "mode": "managed",
      "type": "google_artifact_registry_repository",
      "name": "repository",
      "provider": "provider[\"registry.terraform.io/hashicorp/google\"]",
      "instances": [
        {
          "schema_version": 0,
          "attributes": {
            "cleanup_policies": [],
            "cleanup_policy_dry_run": false,
            "create_time": "2025-12-01T21:37:27.265187Z",
            "description": "Docker images for TF-ICRE microservices in dev environment",
            "docker_config": [],
            "effective_labels": {
              "env": "dev"
            },
            "format": "DOCKER",
            "id": "projects/tf-icre/locations/africa-south1/repositories/tf-icre-images",
            "kms_key_name": "",
            "labels": {
              "env": "dev"
            },
            "location": "africa-south1",
            "maven_config": [],
            "mode": "STANDARD_REPOSITORY",
            "name": "tf-icre-images",
            "project": "tf-icre",
            "remote_repository_config": [],
            "repository_id": "tf-icre-images",
            "terraform_labels": {
              "env": "dev"
            },
            "timeouts": null,
            "update_time": "2025-12-02T10:46:37.624176Z",
            "virtual_repository_config": []
          },
          "sensitive_attributes": [],
          "identity_schema_version": 0,
          "private": "eyJlMmJmYjczMC1lY2FhLTExZTYtOGY4OC0zNDM2M2JjN2M0YzAiOnsiY3JlYXRlIjoxMjAwMDAwMDAwMDAwLCJkZWxldGUiOjEyMDAwMDAwMDAwMDAsInVwZGF0ZSI6MTIwMDAwMDAwMDAwMH19",
          "dependencies": [
            "module.gcp_apis.google_project_service.apis"
          ]
        }
      ]
    },
    {
      "module": "module.stack.module.audit_dataset",
      "mode": "managed",
      "type": "google_bigquery_dataset",
      "name": "dataset",
      "provider": "provider[\"registry.terraform.io/hashicorp/google\"]",
      "instances": [
        {
          "schema_version": 0,
          "attributes": {
            "access": [
              {
                "dataset": [],
                "domain": "",
                "group_by_email": "",
                "iam_member": "",
                "role": "OWNER",
                "routine": [],
                "special_group": "",
                "user_by_email": "kabelokadiaka4@gmail.com",
                "view": []
              },
              {
                "dataset": [],
                "domain": "",
                "group_by_email": "",
                "iam_member": "",
                "role": "OWNER",
                "routine": [],
                "special_group": "projectOwners",
                "user_by_email": "",
                "view": []
              },
              {
                "dataset": [],
                "domain": "",
                "group_by_email": "",
                "iam_member": "",
                "role": "READER",
                "routine": [],
                "special_group": "projectReaders",
                "user_by_email": "",
                "view": []
              },
              {
                "dataset": [],
                "domain": "",
                "group_by_email": "",
                "iam_member": "",
                "role": "WRITER",
                "routine": [],
                "special_group": "projectWriters",
                "user_by_email": "",
                "view": []
              }
            ],
            "creation_time": 1764625387468,
            "dataset_id": "audit_logs",
            "default_collation": "",
            "default_encryption_configuration": [
              {
                "kms_key_name": "projects/tf-icre/locations/africa-south1/keyRings/tf-icre-dev-key-ring/cryptoKeys/tf-icre-dev-cmek"
              }
            ],
            "default_partition_expiration_ms": 0,
            "default_table_expiration_ms": 0,
            "delete_contents_on_destroy": false,
            "description": "Immutable audit logs",
            "effective_labels": {
              "env": "production"
            },
            "etag": "eDBtLw8oajdvpSe9XtSA5g==",
            "external_dataset_reference": [],
            "friendly_name": "",
            "id": "projects/tf-icre/datasets/audit_logs",
            "is_case_insensitive": false,
            "labels": {
              "env": "production"
            },
            "last_modified_time": 1764625387468,
            "location": "africa-south1",
            "max_time_travel_hours": "168",
            "project": "tf-icre",
            "resource_tags": {},
            "self_link": "https://bigquery.googleapis.com/bigquery/v2/projects/tf-icre/datasets/audit_logs",
            "storage_billing_model": "",
            "terraform_labels": {
              "env": "production"
            },
            "timeouts": null
          },
          "sensitive_attributes": [],
          "identity_schema_version": 0,
          "private": "eyJlMmJmYjczMC1lY2FhLTExZTYtOGY4OC0zNDM2M2JjN2M0YzAiOnsiY3JlYXRlIjoxMjAwMDAwMDAwMDAwLCJkZWxldGUiOjEyMDAwMDAwMDAwMDAsInVwZGF0ZSI6MTIwMDAwMDAwMDAwMH19",
          "dependencies": [
            "module.gcp_apis.google_project_service.apis",
            "module.stack.module.security.google_kms_crypto_key.cmek",
            "module.stack.module.security.google_kms_key_ring.keyring"
          ]
        }
      ]
    },
    {
      "module": "module.stack.module.clean_dataset",
      "mode": "managed",
      "type": "google_bigquery_dataset",
      "name": "dataset",
      "provider": "provider[\"registry.terraform.io/hashicorp/google\"]",
      "instances": [
        {
          "schema_version": 0,
          "attributes": {
            "access": [
              {
                "dataset": [],
                "domain": "",
                "group_by_email": "",
                "iam_member": "",
                "role": "OWNER",
                "routine": [],
                "special_group": "",
                "user_by_email": "kabelokadiaka4@gmail.com",
                "view": []
              },
              {
                "dataset": [],
                "domain": "",
                "group_by_email": "",
                "iam_member": "",
                "role": "OWNER",
                "routine": [],
                "special_group": "projectOwners",
                "user_by_email": "",
                "view": []
              },
              {
                "dataset": [],
                "domain": "",
                "group_by_email": "",
                "iam_member": "",
                "role": "READER",
                "routine": [],
                "special_group": "projectReaders",
                "user_by_email": "",
                "view": []
              },
              {
                "dataset": [],
                "domain": "",
                "group_by_email": "",
                "iam_member": "",
                "role": "WRITER",
                "routine": [],
                "special_group": "projectWriters",
                "user_by_email": "",
                "view": []
              }
            ],
            "creation_time": 1764625387397,
            "dataset_id": "clean_data",
            "default_collation": "",
            "default_encryption_configuration": [
              {
                "kms_key_name": "projects/tf-icre/locations/africa-south1/keyRings/tf-icre-dev-key-ring/cryptoKeys/tf-icre-dev-cmek"
              }
            ],
            "default_partition_expiration_ms": 0,
            "default_table_expiration_ms": 0,
            "delete_contents_on_destroy": false,
            "description": "Validated and cleaned data",
            "effective_labels": {
              "env": "production"
            },
            "etag": "B6xK3uZAMEjbxJMRsMc1bA==",
            "external_dataset_reference": [],
            "friendly_name": "",
            "id": "projects/tf-icre/datasets/clean_data",
            "is_case_insensitive": false,
            "labels": {
              "env": "production"
            },
            "last_modified_time": 1764625387397,
            "location": "africa-south1",
            "max_time_travel_hours": "168",
            "project": "tf-icre",
            "resource_tags": {},
            "self_link": "https://bigquery.googleapis.com/bigquery/v2/projects/tf-icre/datasets/clean_data",
            "storage_billing_model": "",
            "terraform_labels": {
              "env": "production"
            },
            "timeouts": null
          },
          "sensitive_attributes": [],
          "identity_schema_version": 0,
          "private": "eyJlMmJmYjczMC1lY2FhLTExZTYtOGY4OC0zNDM2M2JjN2M0YzAiOnsiY3JlYXRlIjoxMjAwMDAwMDAwMDAwLCJkZWxldGUiOjEyMDAwMDAwMDAwMDAsInVwZGF0ZSI6MTIwMDAwMDAwMDAwMH19",
          "dependencies": [
            "module.gcp_apis.google_project_service.apis",
            "module.stack.module.security.google_kms_crypto_key.cmek",
            "module.stack.module.security.google_kms_key_ring.keyring"
          ]
        }
      ]
    },
    {
      "module": "module.stack.module.iam",
      "mode": "managed",
      "type": "google_project_iam_member",
      "name": "gov_firestore_user",
      "provider": "provider[\"registry.terraform.io/hashicorp/google\"]",
      "instances": [
        {
          "schema_version": 0,
          "attributes": {
            "condition": [],
            "etag": "BwZE96/8ubw=",
            "id": "tf-icre/roles/datastore.user/serviceAccount:governance-engine-sa@tf-icre.iam.gserviceaccount.com",
            "member": "serviceAccount:governance-engine-sa@tf-icre.iam.gserviceaccount.com",
            "project": "tf-icre",
            "role": "roles/datastore.user"
          },
          "sensitive_attributes": [],
          "identity_schema_version": 0,
          "private": "bnVsbA==",
          "dependencies": [
            "module.gcp_apis.google_project_service.apis",
            "module.stack.module.iam.google_service_account.governance_engine_sa"
          ]
        }
      ]
    },
    {
      "module": "module.stack.module.iam",
      "mode": "managed",
      "type": "google_project_iam_member",
      "name": "ingest_bq_admin",
      "provider": "provider[\"registry.terraform.io/hashicorp/google\"]",
      "instances": [
        {
          "schema_version": 0,
          "attributes": {
            "condition": [],
            "etag": "BwZE96/8ubw=",
            "id": "tf-icre/roles/bigquery.admin/serviceAccount:data-ingestion-sa@tf-icre.iam.gserviceaccount.com",
            "member": "serviceAccount:data-ingestion-sa@tf-icre.iam.gserviceaccount.com",
            "project": "tf-icre",
            "role": "roles/bigquery.admin"
          },
          "sensitive_attributes": [],
          "identity_schema_version": 0,
          "private": "bnVsbA==",
          "dependencies": [
            "module.gcp_apis.google_project_service.apis",
            "module.stack.module.iam.google_service_account.data_ingestion_sa"
          ]
        }
      ]
    },
    {
      "module": "module.stack.module.iam",
      "mode": "managed",
      "type": "google_project_iam_member",
      "name": "ingest_storage_admin",
      "provider": "provider[\"registry.terraform.io/hashicorp/google\"]",
      "instances": [
        {
          "schema_version": 0,
          "attributes": {
            "condition": [],
            "etag": "BwZE96/8ubw=",
            "id": "tf-icre/roles/storage.admin/serviceAccount:data-ingestion-sa@tf-icre.iam.gserviceaccount.com",
            "member": "serviceAccount:data-ingestion-sa@tf-icre.iam.gserviceaccount.com",
            "project": "tf-icre",
            "role": "roles/storage.admin"
          },
          "sensitive_attributes": [],
          "identity_schema_version": 0,
          "private": "bnVsbA==",
          "dependencies": [
            "module.gcp_apis.google_project_service.apis",
            "module.stack.module.iam.google_service_account.data_ingestion_sa"
          ]
        }
      ]
    },
    {
      "module": "module.stack.module.iam",
      "mode": "managed",
      "type": "google_project_iam_member",
      "name": "scoring_bq_reader",
      "provider": "provider[\"registry.terraform.io/hashicorp/google\"]",
      "instances": [
        {
          "schema_version": 0,
          "attributes": {
            "condition": [],
            "etag": "BwZE96/8ubw=",
            "id": "tf-icre/roles/bigquery.dataViewer/serviceAccount:scoring-engine-sa@tf-icre.iam.gserviceaccount.com",
            "member": "serviceAccount:scoring-engine-sa@tf-icre.iam.gserviceaccount.com",
            "project": "tf-icre",
            "role": "roles/bigquery.dataViewer"
          },
          "sensitive_attributes": [],
          "identity_schema_version": 0,
          "private": "bnVsbA==",
          "dependencies": [
            "module.gcp_apis.google_project_service.apis",
            "module.stack.module.iam.google_service_account.scoring_engine_sa"
          ]
        }
      ]
    },
    {
      "module": "module.stack.module.iam",
      "mode": "managed",
      "type": "google_project_iam_member",
      "name": "scoring_vertex_user",
      "provider": "provider[\"registry.terraform.io/hashicorp/google\"]",
      "instances": [
        {
          "schema_version": 0,
          "attributes": {
            "condition": [],
            "etag": "BwZE96/8ubw=",
            "id": "tf-icre/roles/aiplatform.user/serviceAccount:scoring-engine-sa@tf-icre.iam.gserviceaccount.com",
            "member": "serviceAccount:scoring-engine-sa@tf-icre.iam.gserviceaccount.com",
            "project": "tf-icre",
            "role": "roles/aiplatform.user"
          },
          "sensitive_attributes": [],
          "identity_schema_version": 0,
          "private": "bnVsbA==",
          "dependencies": [
            "module.gcp_apis.google_project_service.apis",
            "module.stack.module.iam.google_service_account.scoring_engine_sa"
          ]
        }
      ]
    },
    {
      "module": "module.stack.module.iam",
      "mode": "managed",
      "type": "google_project_iam_member",
      "name": "tbml_bq_reader",
      "provider": "provider[\"registry.terraform.io/hashicorp/google\"]",
      "instances": [
        {
          "schema_version": 0,
          "attributes": {
            "condition": [],
            "etag": "BwZE96/8ubw=",
            "id": "tf-icre/roles/bigquery.dataViewer/serviceAccount:tbml-engine-sa@tf-icre.iam.gserviceaccount.com",
            "member": "serviceAccount:tbml-engine-sa@tf-icre.iam.gserviceaccount.com",
            "project": "tf-icre",
            "role": "roles/bigquery.dataViewer"
          },
          "sensitive_attributes": [],
          "identity_schema_version": 0,
          "private": "bnVsbA==",
          "dependencies": [
            "module.gcp_apis.google_project_service.apis",
            "module.stack.module.iam.google_service_account.tbml_engine_sa"
          ]
        }
      ]
    },
    {
      "module": "module.stack.module.iam",
      "mode": "managed",
      "type": "google_project_iam_member",
      "name": "tbml_docai_user",
      "provider": "provider[\"registry.terraform.io/hashicorp/google\"]",
      "instances": [
        {
          "schema_version": 0,
          "attributes": {
            "condition": [],
            "etag": "BwZE96/8ubw=",
            "id": "tf-icre/roles/documentai.apiUser/serviceAccount:tbml-engine-sa@tf-icre.iam.gserviceaccount.com",
            "member": "serviceAccount:tbml-engine-sa@tf-icre.iam.gserviceaccount.com",
            "project": "tf-icre",
            "role": "roles/documentai.apiUser"
          },
          "sensitive_attributes": [],
          "identity_schema_version": 0,
          "private": "bnVsbA==",
          "dependencies": [
            "module.gcp_apis.google_project_service.apis",
            "module.stack.module.iam.google_service_account.tbml_engine_sa"
          ]
        }
      ]
    },
    {
      "module": "module.stack.module.iam",
      "mode": "managed",
      "type": "google_service_account",
      "name": "data_ingestion_sa",
      "provider": "provider[\"registry.terraform.io/hashicorp/google\"]",
      "instances": [
        {
          "schema_version": 0,
          "attributes": {
            "account_id": "data-ingestion-sa",
            "create_ignore_already_exists": null,
            "description": "",
            "disabled": false,
            "display_name": "Data Ingestion Service Account",
            "email": "data-ingestion-sa@tf-icre.iam.gserviceaccount.com",
            "id": "projects/tf-icre/serviceAccounts/data-ingestion-sa@tf-icre.iam.gserviceaccount.com",
            "member": "serviceAccount:data-ingestion-sa@tf-icre.iam.gserviceaccount.com",
            "name": "projects/tf-icre/serviceAccounts/data-ingestion-sa@tf-icre.iam.gserviceaccount.com",
            "project": "tf-icre",
            "timeouts": null,
            "unique_id": "108782564782320733098"
          },
          "sensitive_attributes": [],
          "identity_schema_version": 0,
          "private": "eyJlMmJmYjczMC1lY2FhLTExZTYtOGY4OC0zNDM2M2JjN2M0YzAiOnsiY3JlYXRlIjozMDAwMDAwMDAwMDB9fQ==",
          "dependencies": [
            "module.gcp_apis.google_project_service.apis"
          ]
        }
      ]
    },
    {
      "module": "module.stack.module.iam",
      "mode": "managed",
      "type": "google_service_account",
      "name": "governance_engine_sa",
      "provider": "provider[\"registry.terraform.io/hashicorp/google\"]",
      "instances": [
        {
          "schema_version": 0,
          "attributes": {
            "account_id": "governance-engine-sa",
            "create_ignore_already_exists": null,
            "description": "",
            "disabled": false,
            "display_name": "Governance Engine Service Account",
            "email": "governance-engine-sa@tf-icre.iam.gserviceaccount.com",
            "id": "projects/tf-icre/serviceAccounts/governance-engine-sa@tf-icre.iam.gserviceaccount.com",
            "member": "serviceAccount:governance-engine-sa@tf-icre.iam.gserviceaccount.com",
            "name": "projects/tf-icre/serviceAccounts/governance-engine-sa@tf-icre.iam.gserviceaccount.com",
            "project": "tf-icre",
            "timeouts": null,
            "unique_id": "101927154292377441295"
          },
          "sensitive_attributes": [],
          "identity_schema_version": 0,
          "private": "eyJlMmJmYjczMC1lY2FhLTExZTYtOGY4OC0zNDM2M2JjN2M0YzAiOnsiY3JlYXRlIjozMDAwMDAwMDAwMDB9fQ==",
          "dependencies": [
            "module.gcp_apis.google_project_service.apis"
          ]
        }
      ]
    },
    {
      "module": "module.stack.module.iam",
      "mode": "managed",
      "type": "google_service_account",
      "name": "scoring_engine_sa",
      "provider": "provider[\"registry.terraform.io/hashicorp/google\"]",
      "instances": [
        {
          "schema_version": 0,
          "attributes": {
            "account_id": "scoring-engine-sa",
            "create_ignore_already_exists": null,
            "description": "",
            "disabled": false,
            "display_name": "Scoring Engine Service Account",
            "email": "scoring-engine-sa@tf-icre.iam.gserviceaccount.com",
            "id": "projects/tf-icre/serviceAccounts/scoring-engine-sa@tf-icre.iam.gserviceaccount.com",
            "member": "serviceAccount:scoring-engine-sa@tf-icre.iam.gserviceaccount.com",
            "name": "projects/tf-icre/serviceAccounts/scoring-engine-sa@tf-icre.iam.gserviceaccount.com",
            "project": "tf-icre",
            "timeouts": null,
            "unique_id": "114247260619178165568"
          },
          "sensitive_attributes": [],
          "identity_schema_version": 0,
          "private": "eyJlMmJmYjczMC1lY2FhLTExZTYtOGY4OC0zNDM2M2JjN2M0YzAiOnsiY3JlYXRlIjozMDAwMDAwMDAwMDB9fQ==",
          "dependencies": [
            "module.gcp_apis.google_project_service.apis"
          ]
        }
      ]
    },
    {
      "module": "module.stack.module.iam",
      "mode": "managed",
      "type": "google_service_account",
      "name": "tbml_engine_sa",
      "provider": "provider[\"registry.terraform.io/hashicorp/google\"]",
      "instances": [
        {
          "schema_version": 0,
          "attributes": {
            "account_id": "tbml-engine-sa",
            "create_ignore_already_exists": null,
            "description": "",
            "disabled": false,
            "display_name": "TBML Engine Service Account",
            "email": "tbml-engine-sa@tf-icre.iam.gserviceaccount.com",
            "id": "projects/tf-icre/serviceAccounts/tbml-engine-sa@tf-icre.iam.gserviceaccount.com",
            "member": "serviceAccount:tbml-engine-sa@tf-icre.iam.gserviceaccount.com",
            "name": "projects/tf-icre/serviceAccounts/tbml-engine-sa@tf-icre.iam.gserviceaccount.com",
            "project": "tf-icre",
            "timeouts": null,
            "unique_id": "105063118935539393918"
          },
          "sensitive_attributes": [],
          "identity_schema_version": 0,
          "private": "eyJlMmJmYjczMC1lY2FhLTExZTYtOGY4OC0zNDM2M2JjN2M0YzAiOnsiY3JlYXRlIjozMDAwMDAwMDAwMDB9fQ==",
          "dependencies": [
            "module.gcp_apis.google_project_service.apis"
          ]
        }
      ]
    },
    {
      "module": "module.stack.module.landing_bucket",
      "mode": "managed",
      "type": "google_storage_bucket",
      "name": "bucket",
      "provider": "provider[\"registry.terraform.io/hashicorp/google\"]",
      "instances": [
        {
          "schema_version": 2,
          "attributes": {
            "autoclass": [],
            "cors": [],
            "custom_placement_config": [],
            "default_event_based_hold": false,
            "effective_labels": {},
            "enable_object_retention": false,
            "encryption": [
              {
                "default_kms_key_name": "projects/tf-icre/locations/africa-south1/keyRings/tf-icre-dev-key-ring/cryptoKeys/tf-icre-dev-cmek"
              }
            ],
            "force_destroy": false,
            "id": "tf-icre-landing-zone",
            "labels": {},
            "lifecycle_rule": [
              {
                "action": [
                  {
                    "storage_class": "",
                    "type": "Delete"
                  }
                ],
                "condition": [
                  {
                    "age": 30,
                    "created_before": "",
                    "custom_time_before": "",
                    "days_since_custom_time": 0,
                    "days_since_noncurrent_time": 0,
                    "matches_prefix": [],
                    "matches_storage_class": [],
                    "matches_suffix": [],
                    "no_age": false,
                    "noncurrent_time_before": "",
                    "num_newer_versions": 0,
                    "send_age_if_zero": true,
                    "send_days_since_custom_time_if_zero": false,
                    "send_days_since_noncurrent_time_if_zero": false,
                    "send_num_newer_versions_if_zero": false,
                    "with_state": "ANY"
                  }
                ]
              }
            ],
            "location": "AFRICA-SOUTH1",
            "logging": [],
            "name": "tf-icre-landing-zone",
            "project": "tf-icre",
            "project_number": 811947132168,
            "public_access_prevention": "inherited",
            "requester_pays": false,
            "retention_policy": [],
            "rpo": null,
            "self_link": "https://www.googleapis.com/storage/v1/b/tf-icre-landing-zone",
            "soft_delete_policy": [
              {
                "effective_time": "2025-12-01T21:43:09.519Z",
                "retention_duration_seconds": 604800
              }
            ],
            "storage_class": "STANDARD",
            "terraform_labels": {},
            "timeouts": null,
            "uniform_bucket_level_access": true,
            "url": "gs://tf-icre-landing-zone",
            "versioning": [
              {
                "enabled": true
              }
            ],
            "website": []
          },
          "sensitive_attributes": [],
          "identity_schema_version": 0,
          "private": "eyJlMmJmYjczMC1lY2FhLTExZTYtOGY4OC0zNDM2M2JjN2M0YzAiOnsiY3JlYXRlIjo2MDAwMDAwMDAwMDAsInJlYWQiOjI0MDAwMDAwMDAwMCwidXBkYXRlIjoyNDAwMDAwMDAwMDB9LCJzY2hlbWFfdmVyc2lvbiI6IjIifQ==",
          "dependencies": [
            "module.gcp_apis.google_project_service.apis",
            "module.stack.module.security.google_kms_crypto_key.cmek",
            "module.stack.module.security.google_kms_key_ring.keyring"
          ]
        }
      ]
    },
    {
      "module": "module.stack.module.loan_events_topic",
      "mode": "managed",
      "type": "google_pubsub_subscription",
      "name": "dead_letter_sub",
      "provider": "provider[\"registry.terraform.io/hashicorp/google\"]",
      "instances": [
        {
          "schema_version": 0,
          "attributes": {
            "ack_deadline_seconds": 10,
            "bigquery_config": [],
            "cloud_storage_config": [],
            "dead_letter_policy": [],
            "effective_labels": {},
            "enable_exactly_once_delivery": false,
            "enable_message_ordering": false,
            "expiration_policy": [
              {
                "ttl": "2678400s"
              }
            ],
            "filter": "",
            "id": "projects/tf-icre/subscriptions/loan-application-events-dlq-sub",
            "labels": {},
            "message_retention_duration": "604800s",
            "name": "loan-application-events-dlq-sub",
            "project": "tf-icre",
            "push_config": [],
            "retain_acked_messages": false,
            "retry_policy": [],
            "terraform_labels": {},
            "timeouts": null,
            "topic": "projects/tf-icre/topics/loan-application-events-dlq"
          },
          "sensitive_attributes": [],
          "identity_schema_version": 0,
          "private": "eyJlMmJmYjczMC1lY2FhLTExZTYtOGY4OC0zNDM2M2JjN2M0YzAiOnsiY3JlYXRlIjoxMjAwMDAwMDAwMDAwLCJkZWxldGUiOjEyMDAwMDAwMDAwMDAsInVwZGF0ZSI6MTIwMDAwMDAwMDAwMH19",
          "dependencies": [
            "module.gcp_apis.google_project_service.apis",
            "module.stack.module.loan_events_topic.google_pubsub_topic.dead_letter",
            "module.stack.module.security.google_kms_crypto_key.cmek",
            "module.stack.module.security.google_kms_key_ring.keyring"
          ]
        }
      ]
    },
    {
      "module": "module.stack.module.loan_events_topic",
      "mode": "managed",
      "type": "google_pubsub_subscription",
      "name": "subscription",
      "provider": "provider[\"registry.terraform.io/hashicorp/google\"]",
      "instances": [
        {
          "index_key": "compliance-monitor-sub",
          "schema_version": 0,
          "attributes": {
            "ack_deadline_seconds": 20,
            "bigquery_config": [],
            "cloud_storage_config": [],
            "dead_letter_policy": [
              {
                "dead_letter_topic": "projects/tf-icre/topics/loan-application-events-dlq",
                "max_delivery_attempts": 5
              }
            ],
            "effective_labels": {},
            "enable_exactly_once_delivery": false,
            "enable_message_ordering": false,
            "expiration_policy": [
              {
                "ttl": "2678400s"
              }
            ],
            "filter": "",
            "id": "projects/tf-icre/subscriptions/compliance-monitor-sub",
            "labels": {},
            "message_retention_duration": "604800s",
            "name": "compliance-monitor-sub",
            "project": "tf-icre",
            "push_config": [],
            "retain_acked_messages": false,
            "retry_policy": [
              {
                "maximum_backoff": "600s",
                "minimum_backoff": "10s"
              }
            ],
            "terraform_labels": {},
            "timeouts": null,
            "topic": "projects/tf-icre/topics/loan-application-events"
          },
          "sensitive_attributes": [],
          "identity_schema_version": 0,
          "private": "eyJlMmJmYjczMC1lY2FhLTExZTYtOGY4OC0zNDM2M2JjN2M0YzAiOnsiY3JlYXRlIjoxMjAwMDAwMDAwMDAwLCJkZWxldGUiOjEyMDAwMDAwMDAwMDAsInVwZGF0ZSI6MTIwMDAwMDAwMDAwMH19",
          "dependencies": [
            "module.gcp_apis.google_project_service.apis",
            "module.stack.module.loan_events_topic.google_pubsub_topic.dead_letter",
            "module.stack.module.loan_events_topic.google_pubsub_topic.topic",
            "module.stack.module.security.google_kms_crypto_key.cmek",
            "module.stack.module.security.google_kms_key_ring.keyring"
          ]
        },
        {
          "index_key": "scoring-engine-sub",
          "schema_version": 0,
          "attributes": {
            "ack_deadline_seconds": 20,
            "bigquery_config": [],
            "cloud_storage_config": [],
            "dead_letter_policy": [
              {
                "dead_letter_topic": "projects/tf-icre/topics/loan-application-events-dlq",
                "max_delivery_attempts": 5
              }
            ],
            "effective_labels": {},
            "enable_exactly_once_delivery": false,
            "enable_message_ordering": false,
            "expiration_policy": [
              {
                "ttl": "2678400s"
              }
            ],
            "filter": "",
            "id": "projects/tf-icre/subscriptions/scoring-engine-sub",
            "labels": {},
            "message_retention_duration": "604800s",
            "name": "scoring-engine-sub",
            "project": "tf-icre",
            "push_config": [],
            "retain_acked_messages": false,
            "retry_policy": [
              {
                "maximum_backoff": "600s",
                "minimum_backoff": "10s"
              }
            ],
            "terraform_labels": {},
            "timeouts": null,
            "topic": "projects/tf-icre/topics/loan-application-events"
          },
          "sensitive_attributes": [],
          "identity_schema_version": 0,
          "private": "eyJlMmJmYjczMC1lY2FhLTExZTYtOGY4OC0zNDM2M2JjN2M0YzAiOnsiY3JlYXRlIjoxMjAwMDAwMDAwMDAwLCJkZWxldGUiOjEyMDAwMDAwMDAwMDAsInVwZGF0ZSI6MTIwMDAwMDAwMDAwMH19",
          "dependencies": [
            "module.gcp_apis.google_project_service.apis",
            "module.stack.module.loan_events_topic.google_pubsub_topic.dead_letter",
            "module.stack.module.loan_events_topic.google_pubsub_topic.topic",
            "module.stack.module.security.google_kms_crypto_key.cmek",
            "module.stack.module.security.google_kms_key_ring.keyring"
          ]
        }
      ]
    },
    {
      "module": "module.stack.module.loan_events_topic",
      "mode": "managed",
      "type": "google_pubsub_topic",
      "name": "dead_letter",
      "provider": "provider[\"registry.terraform.io/hashicorp/google\"]",
      "instances": [
        {
          "schema_version": 0,
          "attributes": {
            "effective_labels": {},
            "id": "projects/tf-icre/topics/loan-application-events-dlq",
            "ingestion_data_source_settings": [],
            "kms_key_name": "projects/tf-icre/locations/africa-south1/keyRings/tf-icre-dev-key-ring/cryptoKeys/tf-icre-dev-cmek",
            "labels": {},
            "message_retention_duration": "",
            "message_storage_policy": [
              {
                "allowed_persistence_regions": [
                  "africa-south1"
                ]
              }
            ],
            "name": "loan-application-events-dlq",
            "project": "tf-icre",
            "schema_settings": [],
            "terraform_labels": {},
            "timeouts": null
          },
          "sensitive_attributes": [],
          "identity_schema_version": 0,
          "private": "eyJlMmJmYjczMC1lY2FhLTExZTYtOGY4OC0zNDM2M2JjN2M0YzAiOnsiY3JlYXRlIjoxMjAwMDAwMDAwMDAwLCJkZWxldGUiOjEyMDAwMDAwMDAwMDAsInVwZGF0ZSI6MTIwMDAwMDAwMDAwMH19",
          "dependencies": [
            "module.gcp_apis.google_project_service.apis",
            "module.stack.module.security.google_kms_crypto_key.cmek",
            "module.stack.module.security.google_kms_key_ring.keyring"
          ]
        }
      ]
    },
    {
      "module": "module.stack.module.loan_events_topic",
      "mode": "managed",
      "type": "google_pubsub_topic",
      "name": "topic",
      "provider": "provider[\"registry.terraform.io/hashicorp/google\"]",
      "instances": [
        {
          "schema_version": 0,
          "attributes": {
            "effective_labels": {},
            "id": "projects/tf-icre/topics/loan-application-events",
            "ingestion_data_source_settings": [],
            "kms_key_name": "projects/tf-icre/locations/africa-south1/keyRings/tf-icre-dev-key-ring/cryptoKeys/tf-icre-dev-cmek",
            "labels": {},
            "message_retention_duration": "",
            "message_storage_policy": [
              {
                "allowed_persistence_regions": [
                  "africa-south1"
                ]
              }
            ],
            "name": "loan-application-events",
            "project": "tf-icre",
            "schema_settings": [],
            "terraform_labels": {},
            "timeouts": null
          },
          "sensitive_attributes": [],
          "identity_schema_version": 0,
          "private": "eyJlMmJmYjczMC1lY2FhLTExZTYtOGY4OC0zNDM2M2JjN2M0YzAiOnsiY3JlYXRlIjoxMjAwMDAwMDAwMDAwLCJkZWxldGUiOjEyMDAwMDAwMDAwMDAsInVwZGF0ZSI6MTIwMDAwMDAwMDAwMH19",
          "dependencies": [
            "module.gcp_apis.google_project_service.apis",
            "module.stack.module.security.google_kms_crypto_key.cmek",
            "module.stack.module.security.google_kms_key_ring.keyring"
          ]
        }
      ]
    },
    {
      "module": "module.stack.module.network",
      "mode": "managed",
      "type": "google_compute_network",
      "name": "vpc_network",
      "provider": "provider[\"registry.terraform.io/hashicorp/google\"]",
      "instances": [
        {
          "schema_version": 0,
          "attributes": {
            "auto_create_subnetworks": false,
            "delete_default_routes_on_create": false,
            "description": "",
            "enable_ula_internal_ipv6": false,
            "gateway_ipv4": "",
            "id": "projects/tf-icre/global/networks/tf-icre-vpc-dev",
            "internal_ipv6_range": "",
            "mtu": 1460,
            "name": "tf-icre-vpc-dev",
            "network_firewall_policy_enforcement_order": "AFTER_CLASSIC_FIREWALL",
            "numeric_id": "859282603772195951",
            "project": "tf-icre",
            "routing_mode": "REGIONAL",
            "self_link": "https://www.googleapis.com/compute/v1/projects/tf-icre/global/networks/tf-icre-vpc-dev",
            "timeouts": null
          },
          "sensitive_attributes": [],
          "identity_schema_version": 0,
          "private": "eyJlMmJmYjczMC1lY2FhLTExZTYtOGY4OC0zNDM2M2JjN2M0YzAiOnsiY3JlYXRlIjoxMjAwMDAwMDAwMDAwLCJkZWxldGUiOjEyMDAwMDAwMDAwMDAsInVwZGF0ZSI6MTIwMDAwMDAwMDAwMH19",
          "dependencies": [
            "module.gcp_apis.google_project_service.apis"
          ]
        }
      ]
    },
    {
      "module": "module.stack.module.network",
      "mode": "managed",
      "type": "google_compute_router",
      "name": "router",
      "provider": "provider[\"registry.terraform.io/hashicorp/google\"]",
      "instances": [
        {
          "schema_version": 0,
          "attributes": {
            "bgp": [],
            "creation_timestamp": "2025-12-01T13:37:34.037-08:00",
            "description": "",
            "encrypted_interconnect_router": false,
            "id": "projects/tf-icre/regions/africa-south1/routers/tf-icre-vpc-dev-router",
            "name": "tf-icre-vpc-dev-router",
            "network": "https://www.googleapis.com/compute/v1/projects/tf-icre/global/networks/tf-icre-vpc-dev",
            "project": "tf-icre",
            "region": "africa-south1",
            "self_link": "https://www.googleapis.com/compute/v1/projects/tf-icre/regions/africa-south1/routers/tf-icre-vpc-dev-router",
            "timeouts": null
          },
          "sensitive_attributes": [],
          "identity_schema_version": 0,
          "private": "eyJlMmJmYjczMC1lY2FhLTExZTYtOGY4OC0zNDM2M2JjN2M0YzAiOnsiY3JlYXRlIjoxMjAwMDAwMDAwMDAwLCJkZWxldGUiOjEyMDAwMDAwMDAwMDAsInVwZGF0ZSI6MTIwMDAwMDAwMDAwMH0sInNjaGVtYV92ZXJzaW9uIjoiMCJ9",
          "dependencies": [
            "module.gcp_apis.google_project_service.apis",
            "module.stack.module.network.google_compute_network.vpc_network"
          ]
        }
      ]
    },
    {
      "module": "module.stack.module.network",
      "mode": "managed",
      "type": "google_compute_router_nat",
      "name": "nat",
      "provider": "provider[\"registry.terraform.io/hashicorp/google\"]",
      "instances": [
        {
          "schema_version": 0,
          "attributes": {
            "auto_network_tier": "PREMIUM",
            "drain_nat_ips": [],
            "enable_dynamic_port_allocation": false,
            "enable_endpoint_independent_mapping": false,
            "endpoint_types": [
              "ENDPOINT_TYPE_VM"
            ],
            "icmp_idle_timeout_sec": 30,
            "id": "tf-icre/africa-south1/tf-icre-vpc-dev-router/tf-icre-vpc-dev-nat",
            "log_config": [
              {
                "enable": true,
                "filter": "ERRORS_ONLY"
              }
            ],
            "max_ports_per_vm": 0,
            "min_ports_per_vm": 0,
            "name": "tf-icre-vpc-dev-nat",
            "nat_ip_allocate_option": "AUTO_ONLY",
            "nat_ips": [],
            "project": "tf-icre",
            "region": "africa-south1",
            "router": "tf-icre-vpc-dev-router",
            "rules": [],
            "source_subnetwork_ip_ranges_to_nat": "ALL_SUBNETWORKS_ALL_IP_RANGES",
            "subnetwork": [],
            "tcp_established_idle_timeout_sec": 1200,
            "tcp_time_wait_timeout_sec": 120,
            "tcp_transitory_idle_timeout_sec": 30,
            "timeouts": null,
            "udp_idle_timeout_sec": 30
          },
          "sensitive_attributes": [],
          "identity_schema_version": 0,
          "private": "eyJlMmJmYjczMC1lY2FhLTExZTYtOGY4OC0zNDM2M2JjN2M0YzAiOnsiY3JlYXRlIjoxMjAwMDAwMDAwMDAwLCJkZWxldGUiOjEyMDAwMDAwMDAwMDAsInVwZGF0ZSI6MTIwMDAwMDAwMDAwMH19",
          "dependencies": [
            "module.gcp_apis.google_project_service.apis",
            "module.stack.module.network.google_compute_network.vpc_network",
            "module.stack.module.network.google_compute_router.router"
          ]
        }
      ]
    },
    {
      "module": "module.stack.module.network",
      "mode": "managed",
      "type": "google_compute_subnetwork",
      "name": "primary_subnet",
      "provider": "provider[\"registry.terraform.io/hashicorp/google\"]",
      "instances": [
        {
          "schema_version": 0,
          "attributes": {
            "creation_timestamp": "2025-12-01T13:37:35.082-08:00",
            "description": "",
            "external_ipv6_prefix": "",
            "fingerprint": null,
            "gateway_address": "10.10.0.1",
            "id": "projects/tf-icre/regions/africa-south1/subnetworks/tf-icre-vpc-dev-primary-subnet",
            "internal_ipv6_prefix": "",
            "ip_cidr_range": "10.10.0.0/20",
            "ipv6_access_type": "",
            "ipv6_cidr_range": "",
            "log_config": [
              {
                "aggregation_interval": "INTERVAL_10_MIN",
                "filter_expr": "true",
                "flow_sampling": 0.5,
                "metadata": "INCLUDE_ALL_METADATA",
                "metadata_fields": []
              }
            ],
            "name": "tf-icre-vpc-dev-primary-subnet",
            "network": "https://www.googleapis.com/compute/v1/projects/tf-icre/global/networks/tf-icre-vpc-dev",
            "private_ip_google_access": true,
            "private_ipv6_google_access": "DISABLE_GOOGLE_ACCESS",
            "project": "tf-icre",
            "purpose": "PRIVATE",
            "region": "africa-south1",
            "role": "",
            "secondary_ip_range": [],
            "self_link": "https://www.googleapis.com/compute/v1/projects/tf-icre/regions/africa-south1/subnetworks/tf-icre-vpc-dev-primary-subnet",
            "send_secondary_ip_range_if_empty": null,
            "stack_type": "IPV4_ONLY",
            "timeouts": null
          },
          "sensitive_attributes": [],
          "identity_schema_version": 0,
          "private": "eyJlMmJmYjczMC1lY2FhLTExZTYtOGY4OC0zNDM2M2JjN2M0YzAiOnsiY3JlYXRlIjoxMjAwMDAwMDAwMDAwLCJkZWxldGUiOjEyMDAwMDAwMDAwMDAsInVwZGF0ZSI6MTIwMDAwMDAwMDAwMH0sInNjaGVtYV92ZXJzaW9uIjoiMCJ9",
          "dependencies": [
            "module.gcp_apis.google_project_service.apis",
            "module.stack.module.network.google_compute_network.vpc_network"
          ]
        }
      ]
    },
    {
      "module": "module.stack.module.processed_bucket",
      "mode": "managed",
      "type": "google_storage_bucket",
      "name": "bucket",
      "provider": "provider[\"registry.terraform.io/hashicorp/google\"]",
      "instances": [
        {
          "schema_version": 2,
          "attributes": {
            "autoclass": [],
            "cors": [],
            "custom_placement_config": [],
            "default_event_based_hold": false,
            "effective_labels": {},
            "enable_object_retention": false,
            "encryption": [
              {
                "default_kms_key_name": "projects/tf-icre/locations/africa-south1/keyRings/tf-icre-dev-key-ring/cryptoKeys/tf-icre-dev-cmek"
              }
            ],
            "force_destroy": false,
            "id": "tf-icre-processed-data",
            "labels": {},
            "lifecycle_rule": [
              {
                "action": [
                  {
                    "storage_class": "",
                    "type": "Delete"
                  }
                ],
                "condition": [
                  {
                    "age": 365,
                    "created_before": "",
                    "custom_time_before": "",
                    "days_since_custom_time": 0,
                    "days_since_noncurrent_time": 0,
                    "matches_prefix": [],
                    "matches_storage_class": [],
                    "matches_suffix": [],
                    "no_age": false,
                    "noncurrent_time_before": "",
                    "num_newer_versions": 0,
                    "send_age_if_zero": true,
                    "send_days_since_custom_time_if_zero": false,
                    "send_days_since_noncurrent_time_if_zero": false,
                    "send_num_newer_versions_if_zero": false,
                    "with_state": "ANY"
                  }
                ]
              }
            ],
            "location": "AFRICA-SOUTH1",
            "logging": [],
            "name": "tf-icre-processed-data",
            "project": "tf-icre",
            "project_number": 811947132168,
            "public_access_prevention": "inherited",
            "requester_pays": false,
            "retention_policy": [],
            "rpo": null,
            "self_link": "https://www.googleapis.com/storage/v1/b/tf-icre-processed-data",
            "soft_delete_policy": [
              {
                "effective_time": "2025-12-01T21:43:08.555Z",
                "retention_duration_seconds": 604800
              }
            ],
            "storage_class": "STANDARD",
            "terraform_labels": {},
            "timeouts": null,
            "uniform_bucket_level_access": true,
            "url": "gs://tf-icre-processed-data",
            "versioning": [
              {
                "enabled": true
              }
            ],
            "website": []
          },
          "sensitive_attributes": [],
          "identity_schema_version": 0,
          "private": "eyJlMmJmYjczMC1lY2FhLTExZTYtOGY4OC0zNDM2M2JjN2M0YzAiOnsiY3JlYXRlIjo2MDAwMDAwMDAwMDAsInJlYWQiOjI0MDAwMDAwMDAwMCwidXBkYXRlIjoyNDAwMDAwMDAwMDB9LCJzY2hlbWFfdmVyc2lvbiI6IjIifQ==",
          "dependencies": [
            "module.gcp_apis.google_project_service.apis",
            "module.stack.module.security.google_kms_crypto_key.cmek",
            "module.stack.module.security.google_kms_key_ring.keyring"
          ]
        }
      ]
    },
    {
      "module": "module.stack.module.raw_dataset",
      "mode": "managed",
      "type": "google_bigquery_dataset",
      "name": "dataset",
      "provider": "provider[\"registry.terraform.io/hashicorp/google\"]",
      "instances": [
        {
          "schema_version": 0,
          "attributes": {
            "access": [
              {
                "dataset": [],
                "domain": "",
                "group_by_email": "",
                "iam_member": "",
                "role": "OWNER",
                "routine": [],
                "special_group": "",
                "user_by_email": "kabelokadiaka4@gmail.com",
                "view": []
              },
              {
                "dataset": [],
                "domain": "",
                "group_by_email": "",
                "iam_member": "",
                "role": "OWNER",
                "routine": [],
                "special_group": "projectOwners",
                "user_by_email": "",
                "view": []
              },
              {
                "dataset": [],
                "domain": "",
                "group_by_email": "",
                "iam_member": "",
                "role": "READER",
                "routine": [],
                "special_group": "projectReaders",
                "user_by_email": "",
                "view": []
              },
              {
                "dataset": [],
                "domain": "",
                "group_by_email": "",
                "iam_member": "",
                "role": "WRITER",
                "routine": [],
                "special_group": "projectWriters",
                "user_by_email": "",
                "view": []
              }
            ],
            "creation_time": 1764625387393,
            "dataset_id": "raw_data",
            "default_collation": "",
            "default_encryption_configuration": [
              {
                "kms_key_name": "projects/tf-icre/locations/africa-south1/keyRings/tf-icre-dev-key-ring/cryptoKeys/tf-icre-dev-cmek"
              }
            ],
            "default_partition_expiration_ms": 0,
            "default_table_expiration_ms": 0,
            "delete_contents_on_destroy": false,
            "description": "Raw data ingested from source systems",
            "effective_labels": {
              "env": "production"
            },
            "etag": "NVWawcCxsx7LkTkP+EVpfg==",
            "external_dataset_reference": [],
            "friendly_name": "",
            "id": "projects/tf-icre/datasets/raw_data",
            "is_case_insensitive": false,
            "labels": {
              "env": "production"
            },
            "last_modified_time": 1764625387393,
            "location": "africa-south1",
            "max_time_travel_hours": "168",
            "project": "tf-icre",
            "resource_tags": {},
            "self_link": "https://bigquery.googleapis.com/bigquery/v2/projects/tf-icre/datasets/raw_data",
            "storage_billing_model": "",
            "terraform_labels": {
              "env": "production"
            },
            "timeouts": null
          },
          "sensitive_attributes": [],
          "identity_schema_version": 0,
          "private": "eyJlMmJmYjczMC1lY2FhLTExZTYtOGY4OC0zNDM2M2JjN2M0YzAiOnsiY3JlYXRlIjoxMjAwMDAwMDAwMDAwLCJkZWxldGUiOjEyMDAwMDAwMDAwMDAsInVwZGF0ZSI6MTIwMDAwMDAwMDAwMH19",
          "dependencies": [
            "module.gcp_apis.google_project_service.apis",
            "module.stack.module.security.google_kms_crypto_key.cmek",
            "module.stack.module.security.google_kms_key_ring.keyring"
          ]
        }
      ]
    },
    {
      "module": "module.stack.module.security",
      "mode": "managed",
      "type": "google_compute_firewall",
      "name": "allow_iap_ssh",
      "provider": "provider[\"registry.terraform.io/hashicorp/google\"]",
      "instances": [
        {
          "schema_version": 1,
          "attributes": {
            "allow": [
              {
                "ports": [
                  "22"
                ],
                "protocol": "tcp"
              }
            ],
            "creation_timestamp": "2025-12-01T13:37:30.618-08:00",
            "deny": [],
            "description": "",
            "destination_ranges": [],
            "direction": "INGRESS",
            "disabled": false,
            "enable_logging": null,
            "id": "projects/tf-icre/global/firewalls/tf-icre-vpc-dev-allow-iap-ssh",
            "log_config": [],
            "name": "tf-icre-vpc-dev-allow-iap-ssh",
            "network": "https://www.googleapis.com/compute/v1/projects/tf-icre/global/networks/tf-icre-vpc-dev",
            "priority": 1000,
            "project": "tf-icre",
            "self_link": "https://www.googleapis.com/compute/v1/projects/tf-icre/global/firewalls/tf-icre-vpc-dev-allow-iap-ssh",
            "source_ranges": [
              "35.235.240.0/20"
            ],
            "source_service_accounts": [],
            "source_tags": [],
            "target_service_accounts": [],
            "target_tags": [
              "ssh-iap"
            ],
            "timeouts": null
          },
          "sensitive_attributes": [],
          "identity_schema_version": 0,
          "private": "eyJlMmJmYjczMC1lY2FhLTExZTYtOGY4OC0zNDM2M2JjN2M0YzAiOnsiY3JlYXRlIjoxMjAwMDAwMDAwMDAwLCJkZWxldGUiOjEyMDAwMDAwMDAwMDAsInVwZGF0ZSI6MTIwMDAwMDAwMDAwMH0sInNjaGVtYV92ZXJzaW9uIjoiMSJ9",
          "dependencies": [
            "module.gcp_apis.google_project_service.apis",
            "module.stack.module.network.google_compute_network.vpc_network"
          ]
        }
      ]
    },
    {
      "module": "module.stack.module.security",
      "mode": "managed",
      "type": "google_compute_firewall",
      "name": "allow_internal",
      "provider": "provider[\"registry.terraform.io/hashicorp/google\"]",
      "instances": [
        {
          "schema_version": 1,
          "attributes": {
            "allow": [
              {
                "ports": [
                  "0-65535"
                ],
                "protocol": "tcp"
              },
              {
                "ports": [
                  "0-65535"
                ],
                "protocol": "udp"
              },
              {
                "ports": [],
                "protocol": "icmp"
              }
            ],
            "creation_timestamp": "2025-12-01T13:37:37.357-08:00",
            "deny": [],
            "description": "",
            "destination_ranges": [],
            "direction": "INGRESS",
            "disabled": false,
            "enable_logging": null,
            "id": "projects/tf-icre/global/firewalls/tf-icre-vpc-dev-allow-internal",
            "log_config": [],
            "name": "tf-icre-vpc-dev-allow-internal",
            "network": "https://www.googleapis.com/compute/v1/projects/tf-icre/global/networks/tf-icre-vpc-dev",
            "priority": 1000,
            "project": "tf-icre",
            "self_link": "https://www.googleapis.com/compute/v1/projects/tf-icre/global/firewalls/tf-icre-vpc-dev-allow-internal",
            "source_ranges": [
              "10.10.0.0/20"
            ],
            "source_service_accounts": [],
            "source_tags": [],
            "target_service_accounts": [],
            "target_tags": [],
            "timeouts": null
          },
          "sensitive_attributes": [],
          "identity_schema_version": 0,
          "private": "eyJlMmJmYjczMC1lY2FhLTExZTYtOGY4OC0zNDM2M2JjN2M0YzAiOnsiY3JlYXRlIjoxMjAwMDAwMDAwMDAwLCJkZWxldGUiOjEyMDAwMDAwMDAwMDAsInVwZGF0ZSI6MTIwMDAwMDAwMDAwMH0sInNjaGVtYV92ZXJzaW9uIjoiMSJ9",
          "dependencies": [
            "module.gcp_apis.google_project_service.apis",
            "module.stack.module.network.google_compute_network.vpc_network"
          ]
        }
      ]
    },
    {
      "module": "module.stack.module.security",
      "mode": "managed",
      "type": "google_compute_firewall",
      "name": "allow_lb_health_checks",
      "provider": "provider[\"registry.terraform.io/hashicorp/google\"]",
      "instances": [
        {
          "schema_version": 1,
          "attributes": {
            "allow": [
              {
                "ports": [
                  "80",
                  "443",
                  "8080"
                ],
                "protocol": "tcp"
              }
            ],
            "creation_timestamp": "2025-12-01T13:37:32.482-08:00",
            "deny": [],
            "description": "",
            "destination_ranges": [],
            "direction": "INGRESS",
            "disabled": false,
            "enable_logging": null,
            "id": "projects/tf-icre/global/firewalls/tf-icre-vpc-dev-allow-lb-health-checks",
            "log_config": [],
            "name": "tf-icre-vpc-dev-allow-lb-health-checks",
            "network": "https://www.googleapis.com/compute/v1/projects/tf-icre/global/networks/tf-icre-vpc-dev",
            "priority": 1000,
            "project": "tf-icre",
            "self_link": "https://www.googleapis.com/compute/v1/projects/tf-icre/global/firewalls/tf-icre-vpc-dev-allow-lb-health-checks",
            "source_ranges": [
              "130.211.0.0/22",
              "35.191.0.0/16"
            ],
            "source_service_accounts": [],
            "source_tags": [],
            "target_service_accounts": [],
            "target_tags": [],
            "timeouts": null
          },
          "sensitive_attributes": [],
          "identity_schema_version": 0,
          "private": "eyJlMmJmYjczMC1lY2FhLTExZTYtOGY4OC0zNDM2M2JjN2M0YzAiOnsiY3JlYXRlIjoxMjAwMDAwMDAwMDAwLCJkZWxldGUiOjEyMDAwMDAwMDAwMDAsInVwZGF0ZSI6MTIwMDAwMDAwMDAwMH0sInNjaGVtYV92ZXJzaW9uIjoiMSJ9",
          "dependencies": [
            "module.gcp_apis.google_project_service.apis",
            "module.stack.module.network.google_compute_network.vpc_network"
          ]
        }
      ]
    },
    {
      "module": "module.stack.module.security",
      "mode": "managed",
      "type": "google_kms_crypto_key",
      "name": "cmek",
      "provider": "provider[\"registry.terraform.io/hashicorp/google\"]",
      "instances": [
        {
          "schema_version": 1,
          "attributes": {
            "crypto_key_backend": "",
            "destroy_scheduled_duration": "2592000s",
            "effective_labels": {},
            "id": "projects/tf-icre/locations/africa-south1/keyRings/tf-icre-dev-key-ring/cryptoKeys/tf-icre-dev-cmek",
            "import_only": false,
            "key_ring": "projects/tf-icre/locations/africa-south1/keyRings/tf-icre-dev-key-ring",
            "labels": {},
            "name": "tf-icre-dev-cmek",
            "primary": [
              {
                "name": "projects/tf-icre/locations/africa-south1/keyRings/tf-icre-dev-key-ring/cryptoKeys/tf-icre-dev-cmek/cryptoKeyVersions/1",
                "state": "ENABLED"
              }
            ],
            "purpose": "ENCRYPT_DECRYPT",
            "rotation_period": "7776000s",
            "skip_initial_version_creation": false,
            "terraform_labels": {},
            "timeouts": null,
            "version_template": [
              {
                "algorithm": "GOOGLE_SYMMETRIC_ENCRYPTION",
                "protection_level": "SOFTWARE"
              }
            ]
          },
          "sensitive_attributes": [],
          "identity_schema_version": 0,
          "private": "eyJlMmJmYjczMC1lY2FhLTExZTYtOGY4OC0zNDM2M2JjN2M0YzAiOnsiY3JlYXRlIjoxMjAwMDAwMDAwMDAwLCJkZWxldGUiOjEyMDAwMDAwMDAwMDAsInVwZGF0ZSI6MTIwMDAwMDAwMDAwMH0sInNjaGVtYV92ZXJzaW9uIjoiMSJ9",
          "dependencies": [
            "module.gcp_apis.google_project_service.apis",
            "module.stack.module.security.google_kms_key_ring.keyring"
          ]
        }
      ]
    },
    {
      "module": "module.stack.module.security",
      "mode": "managed",
      "type": "google_kms_key_ring",
      "name": "keyring",
      "provider": "provider[\"registry.terraform.io/hashicorp/google\"]",
      "instances": [
        {
          "schema_version": 0,
          "attributes": {
            "id": "projects/tf-icre/locations/africa-south1/keyRings/tf-icre-dev-key-ring",
            "location": "africa-south1",
            "name": "tf-icre-dev-key-ring",
            "project": "tf-icre",
            "timeouts": null
          },
          "sensitive_attributes": [],
          "identity_schema_version": 0,
          "private": "eyJlMmJmYjczMC1lY2FhLTExZTYtOGY4OC0zNDM2M2JjN2M0YzAiOnsiY3JlYXRlIjoxMjAwMDAwMDAwMDAwLCJkZWxldGUiOjEyMDAwMDAwMDAwMDB9fQ==",
          "dependencies": [
            "module.gcp_apis.google_project_service.apis"
          ]
        }
      ]
    },
    {
      "module": "module.stack.module.vpc_connector",
      "mode": "managed",
      "type": "google_vpc_access_connector",
      "name": "connector",
      "provider": "provider[\"registry.terraform.io/hashicorp/google\"]",
      "instances": [
        {
          "schema_version": 0,
          "attributes": {
            "connected_projects": [],
            "id": "projects/tf-icre/locations/africa-south1/connectors/dev-conn",
            "ip_cidr_range": "10.8.0.0/28",
            "machine_type": "e2-micro",
            "max_instances": 10,
            "max_throughput": 1000,
            "min_instances": 2,
            "min_throughput": 200,
            "name": "dev-conn",
            "network": "tf-icre-vpc-dev",
            "project": "tf-icre",
            "region": "africa-south1",
            "self_link": "projects/tf-icre/locations/africa-south1/connectors/dev-conn",
            "state": "ERROR",
            "subnet": [],
            "timeouts": null
          },
          "sensitive_attributes": [],
          "identity_schema_version": 0,
          "private": "eyJlMmJmYjczMC1lY2FhLTExZTYtOGY4OC0zNDM2M2JjN2M0YzAiOnsiY3JlYXRlIjoxMjAwMDAwMDAwMDAwLCJkZWxldGUiOjEyMDAwMDAwMDAwMDB9LCJzY2hlbWFfdmVyc2lvbiI6IjAifQ==",
          "dependencies": [
            "module.gcp_apis.google_project_service.apis",
            "module.stack.module.network.google_compute_network.vpc_network"
          ]
        }
      ]
    }
  ],
  "check_results": null
}
